
Microsoft Visual Studio Solution File, Format Version 12.00
# Visual Studio Version 16
VisualStudioVersion = 16.0.29728.190
MinimumVisualStudioVersion = 10.0.40219.1
Project("{9A19103F-16F7-4668-BE54-9A1E7A4F7556}") = "Lamp", "Lamp\Lamp.csproj", "{4EAF6C5E-4BD5-46B9-81DE-4602422F5C96}"
EndProject
Project("{9A19103F-16F7-4668-BE54-9A1E7A4F7556}") = "LampEngine", "LampEngine\LampEngine.csproj", "{D5A23E85-520D-47F0-8571-70C583144CB2}"
EndProject
Project("{9A19103F-16F7-4668-BE54-9A1E7A4F7556}") = "Lamp.Tests", "Lamp.Tests\Lamp.Tests.csproj", "{77E878FA-5F6F-4A2B-9640-B3D48D2E86A8}"
EndProject
Global
	GlobalSection(SolutionConfigurationPlatforms) = preSolution
		Debug|Any CPU = Debug|Any CPU
		Release|Any CPU = Release|Any CPU
	EndGlobalSection
	GlobalSection(ProjectConfigurationPlatforms) = postSolution
		{4EAF6C5E-4BD5-46B9-81DE-4602422F5C96}.Debug|Any CPU.ActiveCfg = Debug|Any CPU
		{4EAF6C5E-4BD5-46B9-81DE-4602422F5C96}.Debug|Any CPU.Build.0 = Debug|Any CPU
		{4EAF6C5E-4BD5-46B9-81DE-4602422F5C96}.Release|Any CPU.ActiveCfg = Release|Any CPU
		{4EAF6C5E-4BD5-46B9-81DE-4602422F5C96}.Release|Any CPU.Build.0 = Release|Any CPU
		{D5A23E85-520D-47F0-8571-70C583144CB2}.Debug|Any CPU.ActiveCfg = Debug|Any CPU
		{D5A23E85-520D-47F0-8571-70C583144CB2}.Debug|Any CPU.Build.0 = Debug|Any CPU
		{D5A23E85-520D-47F0-8571-70C583144CB2}.Release|Any CPU.ActiveCfg = Release|Any CPU
		{D5A23E85-520D-47F0-8571-70C583144CB2}.Release|Any CPU.Build.0 = Release|Any CPU
		{77E878FA-5F6F-4A2B-9640-B3D48D2E86A8}.Debug|Any CPU.ActiveCfg = Debug|Any CPU
		{77E878FA-5F6F-4A2B-9640-B3D48D2E86A8}.Debug|Any CPU.Build.0 = Debug|Any CPU
		{77E878FA-5F6F-4A2B-9640-B3D48D2E86A8}.Release|Any CPU.ActiveCfg = Release|Any CPU
		{77E878FA-5F6F-4A2B-9640-B3D48D2E86A8}.Release|Any CPU.Build.0 = Release|Any CPU
	EndGlobalSection
	GlobalSection(SolutionProperties) = preSolution
		HideSolutionNode = FALSE
	EndGlobalSection
	GlobalSection(ExtensibilityGlobals) = postSolution
		SolutionGuid = {ECB1F73E-621A-407D-BD7A-C81D059C5142}
	EndGlobalSection
EndGlobal
